{
  "name": "mockmate-netlify-functions",
  "version": "1.0.0",
  "lockfileVersion": 3,
  "requires": true,
  "packages": {
    "": {
      "name": "mockmate-netlify-functions",
      "version": "1.0.0",
      "dependencies": {
        "serverless-http": "4.0.0"
      }
    },
    "node_modules/serverless-http": {
      "version": "4.0.0",
      "resolved": "https://registry.npmjs.org/serverless-http/-/serverless-http-4.0.0.tgz",
      "license": "MIT",
      "engines": {
        "node": ">=12.0"
      }
    }
  }
}
